{
  "name": "datatablecomponentbymoveeton",
  "version": "1.0.3",
  "lockfileVersion": 3,
  "requires": true,
  "packages": {
    "": {
      "name": "datatablecomponentbymoveeton",
      "version": "1.0.0",
      "license": "MIT",
      "dependencies": {
        "colormanipulationlibrarybymoveeton": "^1.0.0"
      }
    },
    "node_modules/colormanipulationlibrarybymoveeton": {
      "version": "1.0.0",
      "resolved": "https://registry.npmjs.org/colormanipulationlibrarybymoveeton/-/colormanipulationlibrarybymoveeton-1.0.0.tgz",
      "integrity": "sha512-CfLqmlQIU+SEosq7DYF6x7/aZgpn+CjUuBeS/5G5ycrVCTqM8r4YFZVqPe0Km7nxXrbq2i14KFV0ie+cbFDslw=="
    }
  }
}
